// !$*UTF8*$!
{
	archiveVersion = 1;
	classes = {
	};
	objectVersion = 46;
	objects = {

/* Begin PBXBuildFile section */
		26631C2E1BAE7A8800BA4BAF /* main.cpp in Sources */ = {isa = PBXBuildFile; fileRef = 26631C2D1BAE7A8800BA4BAF /* main.cpp */; };
		26631C431BAFC21000BA4BAF /* 002_addTwoNumbers.cpp in Sources */ = {isa = PBXBuildFile; fileRef = 26631C421BAFC21000BA4BAF /* 002_addTwoNumbers.cpp */; };
		26631C461BAFC54300BA4BAF /* 002_addTwoNumbers.c in Sources */ = {isa = PBXBuildFile; fileRef = 26631C451BAFC54300BA4BAF /* 002_addTwoNumbers.c */; };
		26631C491BAFD31700BA4BAF /* 003_longestSubstringWithoutRepeatedCharacters.cpp in Sources */ = {isa = PBXBuildFile; fileRef = 26631C481BAFD31700BA4BAF /* 003_longestSubstringWithoutRepeatedCharacters.cpp */; };
		26631C4B1BB0AAB800BA4BAF /* 004_medianOfTwoSortedArrays.cpp in Sources */ = {isa = PBXBuildFile; fileRef = 26631C4A1BB0AAB700BA4BAF /* 004_medianOfTwoSortedArrays.cpp */; };
		26631C4D1BB0C0A900BA4BAF /* 005_longestPalindromicSubstring.cpp in Sources */ = {isa = PBXBuildFile; fileRef = 26631C4C1BB0C0A900BA4BAF /* 005_longestPalindromicSubstring.cpp */; };
		26631C4F1BB0C92300BA4BAF /* 006_zigZagConversion.cpp in Sources */ = {isa = PBXBuildFile; fileRef = 26631C4E1BB0C92300BA4BAF /* 006_zigZagConversion.cpp */; };
		26631C511BB0CC2F00BA4BAF /* 007_reverseInteger.cpp in Sources */ = {isa = PBXBuildFile; fileRef = 26631C501BB0CC2F00BA4BAF /* 007_reverseInteger.cpp */; };
		26631C531BB0D4B800BA4BAF /* 008_stringToIntegerAtoi.cpp in Sources */ = {isa = PBXBuildFile; fileRef = 26631C521BB0D4B800BA4BAF /* 008_stringToIntegerAtoi.cpp */; };
		26631C551BB0D7E700BA4BAF /* 009_palindromeNumber.cpp in Sources */ = {isa = PBXBuildFile; fileRef = 26631C541BB0D7E700BA4BAF /* 009_palindromeNumber.cpp */; };
		26631C571BB115DE00BA4BAF /* 010_regularExpressionMatching.cpp in Sources */ = {isa = PBXBuildFile; fileRef = 26631C561BB115DE00BA4BAF /* 010_regularExpressionMatching.cpp */; };
		26631C591BB1380F00BA4BAF /* 011_containerWithMostWater.cpp in Sources */ = {isa = PBXBuildFile; fileRef = 26631C581BB1380F00BA4BAF /* 011_containerWithMostWater.cpp */; };
		26631C5B1BB142CB00BA4BAF /* 012_integerToRoman.cpp in Sources */ = {isa = PBXBuildFile; fileRef = 26631C5A1BB142CB00BA4BAF /* 012_integerToRoman.cpp */; };
		26631C5D1BB1D1CD00BA4BAF /* 013_romanToInteger.cpp in Sources */ = {isa = PBXBuildFile; fileRef = 26631C5C1BB1D1CD00BA4BAF /* 013_romanToInteger.cpp */; };
		26631C5F1BB1D93300BA4BAF /* 014_longestCommonPrefix.cpp in Sources */ = {isa = PBXBuildFile; fileRef = 26631C5E1BB1D93300BA4BAF /* 014_longestCommonPrefix.cpp */; };
		26631C611BB1EE3900BA4BAF /* 015_3Sum.cpp in Sources */ = {isa = PBXBuildFile; fileRef = 26631C601BB1EE3900BA4BAF /* 015_3Sum.cpp */; };
		26631C631BB1F34700BA4BAF /* 078_subsets.cpp in Sources */ = {isa = PBXBuildFile; fileRef = 26631C621BB1F34700BA4BAF /* 078_subsets.cpp */; };
		26631C651BB1F51500BA4BAF /* 136_singleNumber.cpp in Sources */ = {isa = PBXBuildFile; fileRef = 26631C641BB1F51500BA4BAF /* 136_singleNumber.cpp */; };
		26631C671BB1F94700BA4BAF /* 137_singleNumberII.cpp in Sources */ = {isa = PBXBuildFile; fileRef = 26631C661BB1F94700BA4BAF /* 137_singleNumberII.cpp */; };
		26631C691BB2091100BA4BAF /* 169_majorityElement.cpp in Sources */ = {isa = PBXBuildFile; fileRef = 26631C681BB2091100BA4BAF /* 169_majorityElement.cpp */; };
		26631C6B1BB2198A00BA4BAF /* 187_repeatedDNASequences.cpp in Sources */ = {isa = PBXBuildFile; fileRef = 26631C6A1BB2198A00BA4BAF /* 187_repeatedDNASequences.cpp */; };
		26631C6D1BB22CC400BA4BAF /* 190_reverseBits.cpp in Sources */ = {isa = PBXBuildFile; fileRef = 26631C6C1BB22CC400BA4BAF /* 190_reverseBits.cpp */; };
		26631C6F1BB25F3700BA4BAF /* 191_numberOf1Bits.cpp in Sources */ = {isa = PBXBuildFile; fileRef = 26631C6E1BB25F3700BA4BAF /* 191_numberOf1Bits.cpp */; };
		26631C711BB2642600BA4BAF /* 201_bitwiseANDOfNumbersRange.cpp in Sources */ = {isa = PBXBuildFile; fileRef = 26631C701BB2642600BA4BAF /* 201_bitwiseANDOfNumbersRange.cpp */; };
		26631C731BB265E800BA4BAF /* 231_powerOfTwo.cpp in Sources */ = {isa = PBXBuildFile; fileRef = 26631C721BB265E800BA4BAF /* 231_powerOfTwo.cpp */; };
		26631C751BB26D1F00BA4BAF /* 260_singleNumberIII.cpp in Sources */ = {isa = PBXBuildFile; fileRef = 26631C741BB26D1F00BA4BAF /* 260_singleNumberIII.cpp */; };
		26631C771BB2711800BA4BAF /* 268_missingNumber.cpp in Sources */ = {isa = PBXBuildFile; fileRef = 26631C761BB2711800BA4BAF /* 268_missingNumber.cpp */; };
		26631C791BB3381000BA4BAF /* 019_removeNthNodeFromEndOfList.cpp in Sources */ = {isa = PBXBuildFile; fileRef = 26631C781BB3381000BA4BAF /* 019_removeNthNodeFromEndOfList.cpp */; };
/* End PBXBuildFile section */

/* Begin PBXCopyFilesBuildPhase section */
		26631C281BAE7A8800BA4BAF /* CopyFiles */ = {
			isa = PBXCopyFilesBuildPhase;
			buildActionMask = 2147483647;
			dstPath = /usr/share/man/man1/;
			dstSubfolderSpec = 0;
			files = (
			);
			runOnlyForDeploymentPostprocessing = 1;
		};
/* End PBXCopyFilesBuildPhase section */

/* Begin PBXFileReference section */
		26631C2A1BAE7A8800BA4BAF /* LeetCode */ = {isa = PBXFileReference; explicitFileType = "compiled.mach-o.executable"; includeInIndex = 0; path = LeetCode; sourceTree = BUILT_PRODUCTS_DIR; };
		26631C2D1BAE7A8800BA4BAF /* main.cpp */ = {isa = PBXFileReference; lastKnownFileType = sourcecode.cpp.cpp; path = main.cpp; sourceTree = "<group>"; };
		26631C411BAE88B500BA4BAF /* 001_twoSum.cpp */ = {isa = PBXFileReference; lastKnownFileType = sourcecode.cpp.cpp; path = 001_twoSum.cpp; sourceTree = "<group>"; };
		26631C421BAFC21000BA4BAF /* 002_addTwoNumbers.cpp */ = {isa = PBXFileReference; fileEncoding = 4; lastKnownFileType = sourcecode.cpp.cpp; name = 002_addTwoNumbers.cpp; path = 002_addTwoNumbers/002_addTwoNumbers.cpp; sourceTree = SOURCE_ROOT; };
		26631C441BAFC29200BA4BAF /* Common.h */ = {isa = PBXFileReference; lastKnownFileType = sourcecode.c.h; path = Common.h; sourceTree = "<group>"; };
		26631C451BAFC54300BA4BAF /* 002_addTwoNumbers.c */ = {isa = PBXFileReference; fileEncoding = 4; lastKnownFileType = sourcecode.c.c; name = 002_addTwoNumbers.c; path = 002_addTwoNumbers/002_addTwoNumbers.c; sourceTree = SOURCE_ROOT; };
		26631C471BAFC56B00BA4BAF /* Common_C.h */ = {isa = PBXFileReference; lastKnownFileType = sourcecode.c.h; path = Common_C.h; sourceTree = "<group>"; };
		26631C481BAFD31700BA4BAF /* 003_longestSubstringWithoutRepeatedCharacters.cpp */ = {isa = PBXFileReference; fileEncoding = 4; lastKnownFileType = sourcecode.cpp.cpp; name = 003_longestSubstringWithoutRepeatedCharacters.cpp; path = 003_longestSubstringWithoutRepeatedCharacters/003_longestSubstringWithoutRepeatedCharacters.cpp; sourceTree = SOURCE_ROOT; };
		26631C4A1BB0AAB700BA4BAF /* 004_medianOfTwoSortedArrays.cpp */ = {isa = PBXFileReference; fileEncoding = 4; lastKnownFileType = sourcecode.cpp.cpp; name = 004_medianOfTwoSortedArrays.cpp; path = 004_medianOfTwoSortedArrays/004_medianOfTwoSortedArrays.cpp; sourceTree = SOURCE_ROOT; };
		26631C4C1BB0C0A900BA4BAF /* 005_longestPalindromicSubstring.cpp */ = {isa = PBXFileReference; fileEncoding = 4; lastKnownFileType = sourcecode.cpp.cpp; name = 005_longestPalindromicSubstring.cpp; path = 005_longestPalindromicSubstring/005_longestPalindromicSubstring.cpp; sourceTree = SOURCE_ROOT; };
		26631C4E1BB0C92300BA4BAF /* 006_zigZagConversion.cpp */ = {isa = PBXFileReference; fileEncoding = 4; lastKnownFileType = sourcecode.cpp.cpp; name = 006_zigZagConversion.cpp; path = 006_zigZagConversion/006_zigZagConversion.cpp; sourceTree = SOURCE_ROOT; };
		26631C501BB0CC2F00BA4BAF /* 007_reverseInteger.cpp */ = {isa = PBXFileReference; fileEncoding = 4; lastKnownFileType = sourcecode.cpp.cpp; name = 007_reverseInteger.cpp; path = 007_reverseInteger/007_reverseInteger.cpp; sourceTree = SOURCE_ROOT; };
		26631C521BB0D4B800BA4BAF /* 008_stringToIntegerAtoi.cpp */ = {isa = PBXFileReference; fileEncoding = 4; lastKnownFileType = sourcecode.cpp.cpp; name = 008_stringToIntegerAtoi.cpp; path = 008_stringToIntegerAtoi/008_stringToIntegerAtoi.cpp; sourceTree = SOURCE_ROOT; };
		26631C541BB0D7E700BA4BAF /* 009_palindromeNumber.cpp */ = {isa = PBXFileReference; fileEncoding = 4; lastKnownFileType = sourcecode.cpp.cpp; name = 009_palindromeNumber.cpp; path = 009_palindromeNumber/009_palindromeNumber.cpp; sourceTree = SOURCE_ROOT; };
		26631C561BB115DE00BA4BAF /* 010_regularExpressionMatching.cpp */ = {isa = PBXFileReference; fileEncoding = 4; lastKnownFileType = sourcecode.cpp.cpp; name = 010_regularExpressionMatching.cpp; path = 010_regularExpressionMatching/010_regularExpressionMatching.cpp; sourceTree = SOURCE_ROOT; };
		26631C581BB1380F00BA4BAF /* 011_containerWithMostWater.cpp */ = {isa = PBXFileReference; fileEncoding = 4; lastKnownFileType = sourcecode.cpp.cpp; name = 011_containerWithMostWater.cpp; path = 011_containerWithMostWater/011_containerWithMostWater.cpp; sourceTree = SOURCE_ROOT; };
		26631C5A1BB142CB00BA4BAF /* 012_integerToRoman.cpp */ = {isa = PBXFileReference; fileEncoding = 4; lastKnownFileType = sourcecode.cpp.cpp; name = 012_integerToRoman.cpp; path = 012_integerToRoman/012_integerToRoman.cpp; sourceTree = SOURCE_ROOT; };
		26631C5C1BB1D1CD00BA4BAF /* 013_romanToInteger.cpp */ = {isa = PBXFileReference; fileEncoding = 4; lastKnownFileType = sourcecode.cpp.cpp; name = 013_romanToInteger.cpp; path = 013_romanToInteger/013_romanToInteger.cpp; sourceTree = SOURCE_ROOT; };
		26631C5E1BB1D93300BA4BAF /* 014_longestCommonPrefix.cpp */ = {isa = PBXFileReference; fileEncoding = 4; lastKnownFileType = sourcecode.cpp.cpp; name = 014_longestCommonPrefix.cpp; path = 014_longestCommonPrefix/014_longestCommonPrefix.cpp; sourceTree = SOURCE_ROOT; };
		26631C601BB1EE3900BA4BAF /* 015_3Sum.cpp */ = {isa = PBXFileReference; fileEncoding = 4; lastKnownFileType = sourcecode.cpp.cpp; name = 015_3Sum.cpp; path = 015_3Sum/015_3Sum.cpp; sourceTree = SOURCE_ROOT; };
		26631C621BB1F34700BA4BAF /* 078_subsets.cpp */ = {isa = PBXFileReference; fileEncoding = 4; lastKnownFileType = sourcecode.cpp.cpp; name = 078_subsets.cpp; path = 078_subsets/078_subsets.cpp; sourceTree = SOURCE_ROOT; };
		26631C641BB1F51500BA4BAF /* 136_singleNumber.cpp */ = {isa = PBXFileReference; fileEncoding = 4; lastKnownFileType = sourcecode.cpp.cpp; name = 136_singleNumber.cpp; path = 136_singleNumber/136_singleNumber.cpp; sourceTree = SOURCE_ROOT; };
		26631C661BB1F94700BA4BAF /* 137_singleNumberII.cpp */ = {isa = PBXFileReference; fileEncoding = 4; lastKnownFileType = sourcecode.cpp.cpp; name = 137_singleNumberII.cpp; path = 137_singleNumberII/137_singleNumberII.cpp; sourceTree = SOURCE_ROOT; };
		26631C681BB2091100BA4BAF /* 169_majorityElement.cpp */ = {isa = PBXFileReference; fileEncoding = 4; lastKnownFileType = sourcecode.cpp.cpp; name = 169_majorityElement.cpp; path = 169_majorityElement/169_majorityElement.cpp; sourceTree = SOURCE_ROOT; };
		26631C6A1BB2198A00BA4BAF /* 187_repeatedDNASequences.cpp */ = {isa = PBXFileReference; fileEncoding = 4; lastKnownFileType = sourcecode.cpp.cpp; name = 187_repeatedDNASequences.cpp; path = 187_repeatedDNASequences/187_repeatedDNASequences.cpp; sourceTree = SOURCE_ROOT; };
		26631C6C1BB22CC400BA4BAF /* 190_reverseBits.cpp */ = {isa = PBXFileReference; fileEncoding = 4; lastKnownFileType = sourcecode.cpp.cpp; name = 190_reverseBits.cpp; path = 190_reverseBits/190_reverseBits.cpp; sourceTree = SOURCE_ROOT; };
		26631C6E1BB25F3700BA4BAF /* 191_numberOf1Bits.cpp */ = {isa = PBXFileReference; fileEncoding = 4; lastKnownFileType = sourcecode.cpp.cpp; name = 191_numberOf1Bits.cpp; path = 191_numberOf1Bits/191_numberOf1Bits.cpp; sourceTree = SOURCE_ROOT; };
		26631C701BB2642600BA4BAF /* 201_bitwiseANDOfNumbersRange.cpp */ = {isa = PBXFileReference; fileEncoding = 4; lastKnownFileType = sourcecode.cpp.cpp; name = 201_bitwiseANDOfNumbersRange.cpp; path = 201_bitwiseANDOfNumbersRange/201_bitwiseANDOfNumbersRange.cpp; sourceTree = SOURCE_ROOT; };
		26631C721BB265E800BA4BAF /* 231_powerOfTwo.cpp */ = {isa = PBXFileReference; fileEncoding = 4; lastKnownFileType = sourcecode.cpp.cpp; name = 231_powerOfTwo.cpp; path = 231_powerOfTwo/231_powerOfTwo.cpp; sourceTree = SOURCE_ROOT; };
		26631C741BB26D1F00BA4BAF /* 260_singleNumberIII.cpp */ = {isa = PBXFileReference; fileEncoding = 4; lastKnownFileType = sourcecode.cpp.cpp; name = 260_singleNumberIII.cpp; path = 260_singleNumberIII/260_singleNumberIII.cpp; sourceTree = SOURCE_ROOT; };
		26631C761BB2711800BA4BAF /* 268_missingNumber.cpp */ = {isa = PBXFileReference; fileEncoding = 4; lastKnownFileType = sourcecode.cpp.cpp; name = 268_missingNumber.cpp; path = 268_missingNumber/268_missingNumber.cpp; sourceTree = SOURCE_ROOT; };
		26631C781BB3381000BA4BAF /* 019_removeNthNodeFromEndOfList.cpp */ = {isa = PBXFileReference; fileEncoding = 4; lastKnownFileType = sourcecode.cpp.cpp; name = 019_removeNthNodeFromEndOfList.cpp; path = 019_removeNthNodeFromEndOfList/019_removeNthNodeFromEndOfList.cpp; sourceTree = SOURCE_ROOT; };
/* End PBXFileReference section */

/* Begin PBXFrameworksBuildPhase section */
		26631C271BAE7A8800BA4BAF /* Frameworks */ = {
			isa = PBXFrameworksBuildPhase;
			buildActionMask = 2147483647;
			files = (
			);
			runOnlyForDeploymentPostprocessing = 0;
		};
/* End PBXFrameworksBuildPhase section */

/* Begin PBXGroup section */
		26631C211BAE7A8800BA4BAF = {
			isa = PBXGroup;
			children = (
				26631C2C1BAE7A8800BA4BAF /* LeetCode */,
				26631C2B1BAE7A8800BA4BAF /* Products */,
				26631C401BAE88B500BA4BAF /* Solutions */,
			);
			sourceTree = "<group>";
		};
		26631C2B1BAE7A8800BA4BAF /* Products */ = {
			isa = PBXGroup;
			children = (
				26631C2A1BAE7A8800BA4BAF /* LeetCode */,
			);
			name = Products;
			sourceTree = "<group>";
		};
		26631C2C1BAE7A8800BA4BAF /* LeetCode */ = {
			isa = PBXGroup;
			children = (
				26631C2D1BAE7A8800BA4BAF /* main.cpp */,
				26631C441BAFC29200BA4BAF /* Common.h */,
				26631C471BAFC56B00BA4BAF /* Common_C.h */,
			);
			path = LeetCode;
			sourceTree = "<group>";
		};
		26631C401BAE88B500BA4BAF /* Solutions */ = {
			isa = PBXGroup;
			children = (
				26631C411BAE88B500BA4BAF /* 001_twoSum.cpp */,
				26631C421BAFC21000BA4BAF /* 002_addTwoNumbers.cpp */,
				26631C451BAFC54300BA4BAF /* 002_addTwoNumbers.c */,
				26631C481BAFD31700BA4BAF /* 003_longestSubstringWithoutRepeatedCharacters.cpp */,
				26631C4A1BB0AAB700BA4BAF /* 004_medianOfTwoSortedArrays.cpp */,
				26631C4C1BB0C0A900BA4BAF /* 005_longestPalindromicSubstring.cpp */,
				26631C4E1BB0C92300BA4BAF /* 006_zigZagConversion.cpp */,
				26631C501BB0CC2F00BA4BAF /* 007_reverseInteger.cpp */,
				26631C521BB0D4B800BA4BAF /* 008_stringToIntegerAtoi.cpp */,
				26631C541BB0D7E700BA4BAF /* 009_palindromeNumber.cpp */,
				26631C561BB115DE00BA4BAF /* 010_regularExpressionMatching.cpp */,
				26631C581BB1380F00BA4BAF /* 011_containerWithMostWater.cpp */,
				26631C5A1BB142CB00BA4BAF /* 012_integerToRoman.cpp */,
				26631C5C1BB1D1CD00BA4BAF /* 013_romanToInteger.cpp */,
				26631C5E1BB1D93300BA4BAF /* 014_longestCommonPrefix.cpp */,
				26631C601BB1EE3900BA4BAF /* 015_3Sum.cpp */,
				26631C621BB1F34700BA4BAF /* 078_subsets.cpp */,
				26631C641BB1F51500BA4BAF /* 136_singleNumber.cpp */,
				26631C661BB1F94700BA4BAF /* 137_singleNumberII.cpp */,
				26631C681BB2091100BA4BAF /* 169_majorityElement.cpp */,
				26631C6A1BB2198A00BA4BAF /* 187_repeatedDNASequences.cpp */,
				26631C6C1BB22CC400BA4BAF /* 190_reverseBits.cpp */,
				26631C6E1BB25F3700BA4BAF /* 191_numberOf1Bits.cpp */,
				26631C701BB2642600BA4BAF /* 201_bitwiseANDOfNumbersRange.cpp */,
				26631C721BB265E800BA4BAF /* 231_powerOfTwo.cpp */,
				26631C741BB26D1F00BA4BAF /* 260_singleNumberIII.cpp */,
				26631C761BB2711800BA4BAF /* 268_missingNumber.cpp */,
				26631C781BB3381000BA4BAF /* 019_removeNthNodeFromEndOfList.cpp */,
			);
			name = Solutions;
			path = 001_twoSum;
			sourceTree = "<group>";
		};
/* End PBXGroup section */

/* Begin PBXNativeTarget section */
		26631C291BAE7A8800BA4BAF /* LeetCode */ = {
			isa = PBXNativeTarget;
			buildConfigurationList = 26631C311BAE7A8800BA4BAF /* Build configuration list for PBXNativeTarget "LeetCode" */;
			buildPhases = (
				26631C261BAE7A8800BA4BAF /* Sources */,
				26631C271BAE7A8800BA4BAF /* Frameworks */,
				26631C281BAE7A8800BA4BAF /* CopyFiles */,
			);
			buildRules = (
			);
			dependencies = (
			);
			name = LeetCode;
			productName = LeetCode;
			productReference = 26631C2A1BAE7A8800BA4BAF /* LeetCode */;
			productType = "com.apple.product-type.tool";
		};
/* End PBXNativeTarget section */

/* Begin PBXProject section */
		26631C221BAE7A8800BA4BAF /* Project object */ = {
			isa = PBXProject;
			attributes = {
				LastUpgradeCheck = 0630;
				ORGANIZATIONNAME = "Hans Ting";
				TargetAttributes = {
					26631C291BAE7A8800BA4BAF = {
						CreatedOnToolsVersion = 6.3.1;
					};
				};
			};
			buildConfigurationList = 26631C251BAE7A8800BA4BAF /* Build configuration list for PBXProject "LeetCode" */;
			compatibilityVersion = "Xcode 3.2";
			developmentRegion = English;
			hasScannedForEncodings = 0;
			knownRegions = (
				en,
			);
			mainGroup = 26631C211BAE7A8800BA4BAF;
			productRefGroup = 26631C2B1BAE7A8800BA4BAF /* Products */;
			projectDirPath = "";
			projectRoot = "";
			targets = (
				26631C291BAE7A8800BA4BAF /* LeetCode */,
			);
		};
/* End PBXProject section */

/* Begin PBXSourcesBuildPhase section */
		26631C261BAE7A8800BA4BAF /* Sources */ = {
			isa = PBXSourcesBuildPhase;
			buildActionMask = 2147483647;
			files = (
				26631C771BB2711800BA4BAF /* 268_missingNumber.cpp in Sources */,
				26631C4B1BB0AAB800BA4BAF /* 004_medianOfTwoSortedArrays.cpp in Sources */,
				26631C5F1BB1D93300BA4BAF /* 014_longestCommonPrefix.cpp in Sources */,
				26631C591BB1380F00BA4BAF /* 011_containerWithMostWater.cpp in Sources */,
				26631C671BB1F94700BA4BAF /* 137_singleNumberII.cpp in Sources */,
				26631C5B1BB142CB00BA4BAF /* 012_integerToRoman.cpp in Sources */,
				26631C571BB115DE00BA4BAF /* 010_regularExpressionMatching.cpp in Sources */,
				26631C431BAFC21000BA4BAF /* 002_addTwoNumbers.cpp in Sources */,
				26631C731BB265E800BA4BAF /* 231_powerOfTwo.cpp in Sources */,
				26631C461BAFC54300BA4BAF /* 002_addTwoNumbers.c in Sources */,
				26631C791BB3381000BA4BAF /* 019_removeNthNodeFromEndOfList.cpp in Sources */,
				26631C751BB26D1F00BA4BAF /* 260_singleNumberIII.cpp in Sources */,
				26631C6B1BB2198A00BA4BAF /* 187_repeatedDNASequences.cpp in Sources */,
				26631C5D1BB1D1CD00BA4BAF /* 013_romanToInteger.cpp in Sources */,
				26631C2E1BAE7A8800BA4BAF /* main.cpp in Sources */,
				26631C631BB1F34700BA4BAF /* 078_subsets.cpp in Sources */,
				26631C491BAFD31700BA4BAF /* 003_longestSubstringWithoutRepeatedCharacters.cpp in Sources */,
				26631C611BB1EE3900BA4BAF /* 015_3Sum.cpp in Sources */,
				26631C531BB0D4B800BA4BAF /* 008_stringToIntegerAtoi.cpp in Sources */,
				26631C4F1BB0C92300BA4BAF /* 006_zigZagConversion.cpp in Sources */,
				26631C4D1BB0C0A900BA4BAF /* 005_longestPalindromicSubstring.cpp in Sources */,
				26631C691BB2091100BA4BAF /* 169_majorityElement.cpp in Sources */,
				26631C6F1BB25F3700BA4BAF /* 191_numberOf1Bits.cpp in Sources */,
				26631C511BB0CC2F00BA4BAF /* 007_reverseInteger.cpp in Sources */,
				26631C6D1BB22CC400BA4BAF /* 190_reverseBits.cpp in Sources */,
				26631C551BB0D7E700BA4BAF /* 009_palindromeNumber.cpp in Sources */,
				26631C711BB2642600BA4BAF /* 201_bitwiseANDOfNumbersRange.cpp in Sources */,
				26631C651BB1F51500BA4BAF /* 136_singleNumber.cpp in Sources */,
			);
			runOnlyForDeploymentPostprocessing = 0;
		};
/* End PBXSourcesBuildPhase section */

/* Begin XCBuildConfiguration section */
		26631C2F1BAE7A8800BA4BAF /* Debug */ = {
			isa = XCBuildConfiguration;
			buildSettings = {
				ALWAYS_SEARCH_USER_PATHS = NO;
				CLANG_CXX_LANGUAGE_STANDARD = "gnu++0x";
				CLANG_CXX_LIBRARY = "libc++";
				CLANG_ENABLE_MODULES = YES;
				CLANG_ENABLE_OBJC_ARC = YES;
				CLANG_WARN_BOOL_CONVERSION = YES;
				CLANG_WARN_CONSTANT_CONVERSION = YES;
				CLANG_WARN_DIRECT_OBJC_ISA_USAGE = YES_ERROR;
				CLANG_WARN_EMPTY_BODY = YES;
				CLANG_WARN_ENUM_CONVERSION = YES;
				CLANG_WARN_INT_CONVERSION = YES;
				CLANG_WARN_OBJC_ROOT_CLASS = YES_ERROR;
				CLANG_WARN_UNREACHABLE_CODE = YES;
				CLANG_WARN__DUPLICATE_METHOD_MATCH = YES;
				COPY_PHASE_STRIP = NO;
				DEBUG_INFORMATION_FORMAT = dwarf;
				ENABLE_STRICT_OBJC_MSGSEND = YES;
				GCC_C_LANGUAGE_STANDARD = gnu99;
				GCC_DYNAMIC_NO_PIC = NO;
				GCC_NO_COMMON_BLOCKS = YES;
				GCC_OPTIMIZATION_LEVEL = 0;
				GCC_PREPROCESSOR_DEFINITIONS = (
					"DEBUG=1",
					"$(inherited)",
				);
				GCC_SYMBOLS_PRIVATE_EXTERN = NO;
				GCC_WARN_64_TO_32_BIT_CONVERSION = YES;
				GCC_WARN_ABOUT_RETURN_TYPE = YES_ERROR;
				GCC_WARN_UNDECLARED_SELECTOR = YES;
				GCC_WARN_UNINITIALIZED_AUTOS = YES_AGGRESSIVE;
				GCC_WARN_UNUSED_FUNCTION = YES;
				GCC_WARN_UNUSED_VARIABLE = YES;
				MACOSX_DEPLOYMENT_TARGET = 10.10;
				MTL_ENABLE_DEBUG_INFO = YES;
				ONLY_ACTIVE_ARCH = YES;
				SDKROOT = macosx;
			};
			name = Debug;
		};
		26631C301BAE7A8800BA4BAF /* Release */ = {
			isa = XCBuildConfiguration;
			buildSettings = {
				ALWAYS_SEARCH_USER_PATHS = NO;
				CLANG_CXX_LANGUAGE_STANDARD = "gnu++0x";
				CLANG_CXX_LIBRARY = "libc++";
				CLANG_ENABLE_MODULES = YES;
				CLANG_ENABLE_OBJC_ARC = YES;
				CLANG_WARN_BOOL_CONVERSION = YES;
				CLANG_WARN_CONSTANT_CONVERSION = YES;
				CLANG_WARN_DIRECT_OBJC_ISA_USAGE = YES_ERROR;
				CLANG_WARN_EMPTY_BODY = YES;
				CLANG_WARN_ENUM_CONVERSION = YES;
				CLANG_WARN_INT_CONVERSION = YES;
				CLANG_WARN_OBJC_ROOT_CLASS = YES_ERROR;
				CLANG_WARN_UNREACHABLE_CODE = YES;
				CLANG_WARN__DUPLICATE_METHOD_MATCH = YES;
				COPY_PHASE_STRIP = NO;
				DEBUG_INFORMATION_FORMAT = "dwarf-with-dsym";
				ENABLE_NS_ASSERTIONS = NO;
				ENABLE_STRICT_OBJC_MSGSEND = YES;
				GCC_C_LANGUAGE_STANDARD = gnu99;
				GCC_NO_COMMON_BLOCKS = YES;
				GCC_WARN_64_TO_32_BIT_CONVERSION = YES;
				GCC_WARN_ABOUT_RETURN_TYPE = YES_ERROR;
				GCC_WARN_UNDECLARED_SELECTOR = YES;
				GCC_WARN_UNINITIALIZED_AUTOS = YES_AGGRESSIVE;
				GCC_WARN_UNUSED_FUNCTION = YES;
				GCC_WARN_UNUSED_VARIABLE = YES;
				MACOSX_DEPLOYMENT_TARGET = 10.10;
				MTL_ENABLE_DEBUG_INFO = NO;
				SDKROOT = macosx;
			};
			name = Release;
		};
		26631C321BAE7A8800BA4BAF /* Debug */ = {
			isa = XCBuildConfiguration;
			buildSettings = {
				PRODUCT_NAME = "$(TARGET_NAME)";
			};
			name = Debug;
		};
		26631C331BAE7A8800BA4BAF /* Release */ = {
			isa = XCBuildConfiguration;
			buildSettings = {
				PRODUCT_NAME = "$(TARGET_NAME)";
			};
			name = Release;
		};
/* End XCBuildConfiguration section */

/* Begin XCConfigurationList section */
		26631C251BAE7A8800BA4BAF /* Build configuration list for PBXProject "LeetCode" */ = {
			isa = XCConfigurationList;
			buildConfigurations = (
				26631C2F1BAE7A8800BA4BAF /* Debug */,
				26631C301BAE7A8800BA4BAF /* Release */,
			);
			defaultConfigurationIsVisible = 0;
			defaultConfigurationName = Release;
		};
		26631C311BAE7A8800BA4BAF /* Build configuration list for PBXNativeTarget "LeetCode" */ = {
			isa = XCConfigurationList;
			buildConfigurations = (
				26631C321BAE7A8800BA4BAF /* Debug */,
				26631C331BAE7A8800BA4BAF /* Release */,
			);
			defaultConfigurationIsVisible = 0;
		};
/* End XCConfigurationList section */
	};
	rootObject = 26631C221BAE7A8800BA4BAF /* Project object */;
}
